// !$*UTF8*$!
{
	archiveVersion = 1;
	classes = {
	};
	objectVersion = 46;
	objects = {

/* Begin PBXBuildFile section */
		B52CB6F31C4FDDDA0059D489 /* pokeflap2.png in Resources */ = {isa = PBXBuildFile; fileRef = B52CB6F11C4FDDDA0059D489 /* pokeflap2.png */; };
		B52CB6FE1C503BBD0059D489 /* play2.png in Resources */ = {isa = PBXBuildFile; fileRef = B52CB6FD1C503BBD0059D489 /* play2.png */; };
		B52CB7091C50519C0059D489 /* magikarp1.png in Resources */ = {isa = PBXBuildFile; fileRef = B52CB7071C50519C0059D489 /* magikarp1.png */; };
		B52CB70A1C50519C0059D489 /* magikarp2.png in Resources */ = {isa = PBXBuildFile; fileRef = B52CB7081C50519C0059D489 /* magikarp2.png */; };
		B52CB71E1C508A370059D489 /* pidgey2.png in Resources */ = {isa = PBXBuildFile; fileRef = B52CB71C1C508A370059D489 /* pidgey2.png */; };
		B52CB71F1C508A370059D489 /* pidgey1.png in Resources */ = {isa = PBXBuildFile; fileRef = B52CB71D1C508A370059D489 /* pidgey1.png */; };
		B52CB7251C5093B90059D489 /* gameover.png in Resources */ = {isa = PBXBuildFile; fileRef = B52CB7241C5093B90059D489 /* gameover.png */; };
		B5B3AAE61C4E92C600CB753B /* AppDelegate.swift in Sources */ = {isa = PBXBuildFile; fileRef = B5B3AAE51C4E92C600CB753B /* AppDelegate.swift */; };
		B5B3AAE81C4E92C600CB753B /* GameScene.sks in Resources */ = {isa = PBXBuildFile; fileRef = B5B3AAE71C4E92C600CB753B /* GameScene.sks */; };
		B5B3AAEA1C4E92C600CB753B /* GameScene.swift in Sources */ = {isa = PBXBuildFile; fileRef = B5B3AAE91C4E92C600CB753B /* GameScene.swift */; };
		B5B3AAEC1C4E92C600CB753B /* GameViewController.swift in Sources */ = {isa = PBXBuildFile; fileRef = B5B3AAEB1C4E92C600CB753B /* GameViewController.swift */; };
		B5B3AAEF1C4E92C600CB753B /* Main.storyboard in Resources */ = {isa = PBXBuildFile; fileRef = B5B3AAED1C4E92C600CB753B /* Main.storyboard */; };
		B5B3AAF11C4E92C700CB753B /* Assets.xcassets in Resources */ = {isa = PBXBuildFile; fileRef = B5B3AAF01C4E92C700CB753B /* Assets.xcassets */; };
		B5B3AAF41C4E92C700CB753B /* LaunchScreen.storyboard in Resources */ = {isa = PBXBuildFile; fileRef = B5B3AAF21C4E92C700CB753B /* LaunchScreen.storyboard */; };
		B5B3AB071C4ED9A500CB753B /* pelipper1.png in Resources */ = {isa = PBXBuildFile; fileRef = B5B3AB011C4ED9A500CB753B /* pelipper1.png */; };
		B5B3AB081C4ED9A500CB753B /* pelipper2.png in Resources */ = {isa = PBXBuildFile; fileRef = B5B3AB021C4ED9A500CB753B /* pelipper2.png */; };
		B5B3AB091C4ED9A500CB753B /* pipe2.png in Resources */ = {isa = PBXBuildFile; fileRef = B5B3AB031C4ED9A500CB753B /* pipe2.png */; };
		B5B3AB0A1C4ED9A500CB753B /* pipe1.png in Resources */ = {isa = PBXBuildFile; fileRef = B5B3AB041C4ED9A500CB753B /* pipe1.png */; };
		B5B3AB0B1C4ED9A500CB753B /* background.png in Resources */ = {isa = PBXBuildFile; fileRef = B5B3AB051C4ED9A500CB753B /* background.png */; };
		B5B3AB0C1C4ED9A500CB753B /* pokemon.mp3 in Resources */ = {isa = PBXBuildFile; fileRef = B5B3AB061C4ED9A500CB753B /* pokemon.mp3 */; };
/* End PBXBuildFile section */

/* Begin PBXFileReference section */
		B52CB6F11C4FDDDA0059D489 /* pokeflap2.png */ = {isa = PBXFileReference; lastKnownFileType = image.png; path = pokeflap2.png; sourceTree = "<group>"; };
		B52CB6FD1C503BBD0059D489 /* play2.png */ = {isa = PBXFileReference; lastKnownFileType = image.png; path = play2.png; sourceTree = "<group>"; };
		B52CB7071C50519C0059D489 /* magikarp1.png */ = {isa = PBXFileReference; lastKnownFileType = image.png; path = magikarp1.png; sourceTree = "<group>"; };
		B52CB7081C50519C0059D489 /* magikarp2.png */ = {isa = PBXFileReference; lastKnownFileType = image.png; path = magikarp2.png; sourceTree = "<group>"; };
		B52CB71C1C508A370059D489 /* pidgey2.png */ = {isa = PBXFileReference; lastKnownFileType = image.png; path = pidgey2.png; sourceTree = "<group>"; };
		B52CB71D1C508A370059D489 /* pidgey1.png */ = {isa = PBXFileReference; lastKnownFileType = image.png; path = pidgey1.png; sourceTree = "<group>"; };
		B52CB7241C5093B90059D489 /* gameover.png */ = {isa = PBXFileReference; lastKnownFileType = image.png; path = gameover.png; sourceTree = "<group>"; };
		B5B3AAE21C4E92C600CB753B /* PokèFlap.app */ = {isa = PBXFileReference; explicitFileType = wrapper.application; includeInIndex = 0; path = "PokèFlap.app"; sourceTree = BUILT_PRODUCTS_DIR; };
		B5B3AAE51C4E92C600CB753B /* AppDelegate.swift */ = {isa = PBXFileReference; lastKnownFileType = sourcecode.swift; path = AppDelegate.swift; sourceTree = "<group>"; };
		B5B3AAE71C4E92C600CB753B /* GameScene.sks */ = {isa = PBXFileReference; lastKnownFileType = file.sks; path = GameScene.sks; sourceTree = "<group>"; };
		B5B3AAE91C4E92C600CB753B /* GameScene.swift */ = {isa = PBXFileReference; lastKnownFileType = sourcecode.swift; path = GameScene.swift; sourceTree = "<group>"; };
		B5B3AAEB1C4E92C600CB753B /* GameViewController.swift */ = {isa = PBXFileReference; lastKnownFileType = sourcecode.swift; path = GameViewController.swift; sourceTree = "<group>"; };
		B5B3AAEE1C4E92C600CB753B /* Base */ = {isa = PBXFileReference; lastKnownFileType = file.storyboard; name = Base; path = Base.lproj/Main.storyboard; sourceTree = "<group>"; };
		B5B3AAF01C4E92C700CB753B /* Assets.xcassets */ = {isa = PBXFileReference; lastKnownFileType = folder.assetcatalog; path = Assets.xcassets; sourceTree = "<group>"; };
		B5B3AAF31C4E92C700CB753B /* Base */ = {isa = PBXFileReference; lastKnownFileType = file.storyboard; name = Base; path = Base.lproj/LaunchScreen.storyboard; sourceTree = "<group>"; };
		B5B3AAF51C4E92C700CB753B /* Info.plist */ = {isa = PBXFileReference; lastKnownFileType = text.plist.xml; path = Info.plist; sourceTree = "<group>"; };
		B5B3AB011C4ED9A500CB753B /* pelipper1.png */ = {isa = PBXFileReference; lastKnownFileType = image.png; path = pelipper1.png; sourceTree = "<group>"; };
		B5B3AB021C4ED9A500CB753B /* pelipper2.png */ = {isa = PBXFileReference; lastKnownFileType = image.png; path = pelipper2.png; sourceTree = "<group>"; };
		B5B3AB031C4ED9A500CB753B /* pipe2.png */ = {isa = PBXFileReference; lastKnownFileType = image.png; path = pipe2.png; sourceTree = "<group>"; };
		B5B3AB041C4ED9A500CB753B /* pipe1.png */ = {isa = PBXFileReference; lastKnownFileType = image.png; path = pipe1.png; sourceTree = "<group>"; };
		B5B3AB051C4ED9A500CB753B /* background.png */ = {isa = PBXFileReference; lastKnownFileType = image.png; path = background.png; sourceTree = "<group>"; };
		B5B3AB061C4ED9A500CB753B /* pokemon.mp3 */ = {isa = PBXFileReference; lastKnownFileType = audio.mp3; path = pokemon.mp3; sourceTree = "<group>"; };
/* End PBXFileReference section */

/* Begin PBXFrameworksBuildPhase section */
		B5B3AADF1C4E92C600CB753B /* Frameworks */ = {
			isa = PBXFrameworksBuildPhase;
			buildActionMask = 2147483647;
			files = (
			);
			runOnlyForDeploymentPostprocessing = 0;
		};
/* End PBXFrameworksBuildPhase section */

/* Begin PBXGroup section */
		B52CB7131C5073AD0059D489 /* Pokemon */ = {
			isa = PBXGroup;
			children = (
				B52CB71D1C508A370059D489 /* pidgey1.png */,
				B52CB71C1C508A370059D489 /* pidgey2.png */,
				B5B3AB011C4ED9A500CB753B /* pelipper1.png */,
				B5B3AB021C4ED9A500CB753B /* pelipper2.png */,
				B52CB7071C50519C0059D489 /* magikarp1.png */,
				B52CB7081C50519C0059D489 /* magikarp2.png */,
			);
			name = Pokemon;
			sourceTree = "<group>";
		};
		B55A05501C51803600146EC7 /* Labels */ = {
			isa = PBXGroup;
			children = (
				B52CB6F11C4FDDDA0059D489 /* pokeflap2.png */,
				B52CB6FD1C503BBD0059D489 /* play2.png */,
				B52CB7241C5093B90059D489 /* gameover.png */,
			);
			name = Labels;
			sourceTree = "<group>";
		};
		B55A05511C51804E00146EC7 /* Objects */ = {
			isa = PBXGroup;
			children = (
				B5B3AB031C4ED9A500CB753B /* pipe2.png */,
				B5B3AB041C4ED9A500CB753B /* pipe1.png */,
				B5B3AB051C4ED9A500CB753B /* background.png */,
				B5B3AB061C4ED9A500CB753B /* pokemon.mp3 */,
			);
			name = Objects;
			sourceTree = "<group>";
		};
		B5B3AAD91C4E92C600CB753B = {
			isa = PBXGroup;
			children = (
				B5B3AAE41C4E92C600CB753B /* PokèFlap */,
				B5B3AAE31C4E92C600CB753B /* Products */,
			);
			sourceTree = "<group>";
		};
		B5B3AAE31C4E92C600CB753B /* Products */ = {
			isa = PBXGroup;
			children = (
				B5B3AAE21C4E92C600CB753B /* PokèFlap.app */,
			);
			name = Products;
			sourceTree = "<group>";
		};
		B5B3AAE41C4E92C600CB753B /* PokèFlap */ = {
			isa = PBXGroup;
			children = (
				B5B3AAE51C4E92C600CB753B /* AppDelegate.swift */,
				B5B3AAE71C4E92C600CB753B /* GameScene.sks */,
				B5B3AAE91C4E92C600CB753B /* GameScene.swift */,
				B5B3AAEB1C4E92C600CB753B /* GameViewController.swift */,
				B5B3AAED1C4E92C600CB753B /* Main.storyboard */,
				B5B3AAF01C4E92C700CB753B /* Assets.xcassets */,
				B5B3AAF21C4E92C700CB753B /* LaunchScreen.storyboard */,
				B5B3AAF51C4E92C700CB753B /* Info.plist */,
				B52CB7131C5073AD0059D489 /* Pokemon */,
				B55A05501C51803600146EC7 /* Labels */,
				B55A05511C51804E00146EC7 /* Objects */,
			);
			path = "PokèFlap";
			sourceTree = "<group>";
		};
/* End PBXGroup section */

/* Begin PBXNativeTarget section */
		B5B3AAE11C4E92C600CB753B /* PokèFlap */ = {
			isa = PBXNativeTarget;
			buildConfigurationList = B5B3AAF81C4E92C700CB753B /* Build configuration list for PBXNativeTarget "PokèFlap" */;
			buildPhases = (
				B5B3AADE1C4E92C600CB753B /* Sources */,
				B5B3AADF1C4E92C600CB753B /* Frameworks */,
				B5B3AAE01C4E92C600CB753B /* Resources */,
			);
			buildRules = (
			);
			dependencies = (
			);
			name = "PokèFlap";
			productName = "PokèFlap";
			productReference = B5B3AAE21C4E92C600CB753B /* PokèFlap.app */;
			productType = "com.apple.product-type.application";
		};
/* End PBXNativeTarget section */

/* Begin PBXProject section */
		B5B3AADA1C4E92C600CB753B /* Project object */ = {
			isa = PBXProject;
			attributes = {
				LastSwiftUpdateCheck = 0720;
				LastUpgradeCheck = 0720;
				ORGANIZATIONNAME = WookieApps;
				TargetAttributes = {
					B5B3AAE11C4E92C600CB753B = {
						CreatedOnToolsVersion = 7.2;
						DevelopmentTeam = 64SKQ45626;
					};
				};
			};
			buildConfigurationList = B5B3AADD1C4E92C600CB753B /* Build configuration list for PBXProject "PokèFlap" */;
			compatibilityVersion = "Xcode 3.2";
			developmentRegion = English;
			hasScannedForEncodings = 0;
			knownRegions = (
				en,
				Base,
			);
			mainGroup = B5B3AAD91C4E92C600CB753B;
			productRefGroup = B5B3AAE31C4E92C600CB753B /* Products */;
			projectDirPath = "";
			projectRoot = "";
			targets = (
				B5B3AAE11C4E92C600CB753B /* PokèFlap */,
			);
		};
/* End PBXProject section */

/* Begin PBXResourcesBuildPhase section */
		B5B3AAE01C4E92C600CB753B /* Resources */ = {
			isa = PBXResourcesBuildPhase;
			buildActionMask = 2147483647;
			files = (
				B5B3AB071C4ED9A500CB753B /* pelipper1.png in Resources */,
				B52CB7091C50519C0059D489 /* magikarp1.png in Resources */,
				B5B3AAE81C4E92C600CB753B /* GameScene.sks in Resources */,
				B5B3AB0C1C4ED9A500CB753B /* pokemon.mp3 in Resources */,
				B5B3AB091C4ED9A500CB753B /* pipe2.png in Resources */,
				B5B3AB0A1C4ED9A500CB753B /* pipe1.png in Resources */,
				B52CB7251C5093B90059D489 /* gameover.png in Resources */,
				B5B3AAF41C4E92C700CB753B /* LaunchScreen.storyboard in Resources */,
				B52CB6FE1C503BBD0059D489 /* play2.png in Resources */,
				B5B3AB081C4ED9A500CB753B /* pelipper2.png in Resources */,
				B52CB71F1C508A370059D489 /* pidgey1.png in Resources */,
				B52CB6F31C4FDDDA0059D489 /* pokeflap2.png in Resources */,
				B5B3AAF11C4E92C700CB753B /* Assets.xcassets in Resources */,
				B52CB71E1C508A370059D489 /* pidgey2.png in Resources */,
				B5B3AB0B1C4ED9A500CB753B /* background.png in Resources */,
				B52CB70A1C50519C0059D489 /* magikarp2.png in Resources */,
				B5B3AAEF1C4E92C600CB753B /* Main.storyboard in Resources */,
			);
			runOnlyForDeploymentPostprocessing = 0;
		};
/* End PBXResourcesBuildPhase section */

/* Begin PBXSourcesBuildPhase section */
		B5B3AADE1C4E92C600CB753B /* Sources */ = {
			isa = PBXSourcesBuildPhase;
			buildActionMask = 2147483647;
			files = (
				B5B3AAEA1C4E92C600CB753B /* GameScene.swift in Sources */,
				B5B3AAEC1C4E92C600CB753B /* GameViewController.swift in Sources */,
				B5B3AAE61C4E92C600CB753B /* AppDelegate.swift in Sources */,
			);
			runOnlyForDeploymentPostprocessing = 0;
		};
/* End PBXSourcesBuildPhase section */

/* Begin PBXVariantGroup section */
		B5B3AAED1C4E92C600CB753B /* Main.storyboard */ = {
			isa = PBXVariantGroup;
			children = (
				B5B3AAEE1C4E92C600CB753B /* Base */,
			);
			name = Main.storyboard;
			sourceTree = "<group>";
		};
		B5B3AAF21C4E92C700CB753B /* LaunchScreen.storyboard */ = {
			isa = PBXVariantGroup;
			children = (
				B5B3AAF31C4E92C700CB753B /* Base */,
			);
			name = LaunchScreen.storyboard;
			sourceTree = "<group>";
		};
/* End PBXVariantGroup section */

/* Begin XCBuildConfiguration section */
		B5B3AAF61C4E92C700CB753B /* Debug */ = {
			isa = XCBuildConfiguration;
			buildSettings = {
				ALWAYS_SEARCH_USER_PATHS = NO;
				CLANG_CXX_LANGUAGE_STANDARD = "gnu++0x";
				CLANG_CXX_LIBRARY = "libc++";
				CLANG_ENABLE_MODULES = YES;
				CLANG_ENABLE_OBJC_ARC = YES;
				CLANG_WARN_BOOL_CONVERSION = YES;
				CLANG_WARN_CONSTANT_CONVERSION = YES;
				CLANG_WARN_DIRECT_OBJC_ISA_USAGE = YES_ERROR;
				CLANG_WARN_EMPTY_BODY = YES;
				CLANG_WARN_ENUM_CONVERSION = YES;
				CLANG_WARN_INT_CONVERSION = YES;
				CLANG_WARN_OBJC_ROOT_CLASS = YES_ERROR;
				CLANG_WARN_UNREACHABLE_CODE = YES;
				CLANG_WARN__DUPLICATE_METHOD_MATCH = YES;
				"CODE_SIGN_IDENTITY[sdk=*]" = "iPhone Developer";
				COPY_PHASE_STRIP = NO;
				DEBUG_INFORMATION_FORMAT = "dwarf-with-dsym";
				ENABLE_STRICT_OBJC_MSGSEND = YES;
				ENABLE_TESTABILITY = YES;
				GCC_C_LANGUAGE_STANDARD = gnu99;
				GCC_DYNAMIC_NO_PIC = NO;
				GCC_NO_COMMON_BLOCKS = YES;
				GCC_OPTIMIZATION_LEVEL = 0;
				GCC_PREPROCESSOR_DEFINITIONS = (
					"DEBUG=1",
					"$(inherited)",
				);
				GCC_WARN_64_TO_32_BIT_CONVERSION = YES;
				GCC_WARN_ABOUT_RETURN_TYPE = YES_ERROR;
				GCC_WARN_UNDECLARED_SELECTOR = YES;
				GCC_WARN_UNINITIALIZED_AUTOS = YES_AGGRESSIVE;
				GCC_WARN_UNUSED_FUNCTION = YES;
				GCC_WARN_UNUSED_VARIABLE = YES;
				IPHONEOS_DEPLOYMENT_TARGET = 9.2;
				MTL_ENABLE_DEBUG_INFO = YES;
				ONLY_ACTIVE_ARCH = YES;
				SDKROOT = iphoneos;
				SWIFT_OPTIMIZATION_LEVEL = "-Onone";
			};
			name = Debug;
		};
		B5B3AAF71C4E92C700CB753B /* Release */ = {
			isa = XCBuildConfiguration;
			buildSettings = {
				ALWAYS_SEARCH_USER_PATHS = NO;
				CLANG_CXX_LANGUAGE_STANDARD = "gnu++0x";
				CLANG_CXX_LIBRARY = "libc++";
				CLANG_ENABLE_MODULES = YES;
				CLANG_ENABLE_OBJC_ARC = YES;
				CLANG_WARN_BOOL_CONVERSION = YES;
				CLANG_WARN_CONSTANT_CONVERSION = YES;
				CLANG_WARN_DIRECT_OBJC_ISA_USAGE = YES_ERROR;
				CLANG_WARN_EMPTY_BODY = YES;
				CLANG_WARN_ENUM_CONVERSION = YES;
				CLANG_WARN_INT_CONVERSION = YES;
				CLANG_WARN_OBJC_ROOT_CLASS = YES_ERROR;
				CLANG_WARN_UNREACHABLE_CODE = YES;
				CLANG_WARN__DUPLICATE_METHOD_MATCH = YES;
				"CODE_SIGN_IDENTITY[sdk=*]" = "iPhone Developer";
				COPY_PHASE_STRIP = NO;
				DEBUG_INFORMATION_FORMAT = "dwarf-with-dsym";
				ENABLE_NS_ASSERTIONS = NO;
				ENABLE_STRICT_OBJC_MSGSEND = YES;
				GCC_C_LANGUAGE_STANDARD = gnu99;
				GCC_NO_COMMON_BLOCKS = YES;
				GCC_WARN_64_TO_32_BIT_CONVERSION = YES;
				GCC_WARN_ABOUT_RETURN_TYPE = YES_ERROR;
				GCC_WARN_UNDECLARED_SELECTOR = YES;
				GCC_WARN_UNINITIALIZED_AUTOS = YES_AGGRESSIVE;
				GCC_WARN_UNUSED_FUNCTION = YES;
				GCC_WARN_UNUSED_VARIABLE = YES;
				IPHONEOS_DEPLOYMENT_TARGET = 9.2;
				MTL_ENABLE_DEBUG_INFO = NO;
				SDKROOT = iphoneos;
				VALIDATE_PRODUCT = YES;
			};
			name = Release;
		};
		B5B3AAF91C4E92C700CB753B /* Debug */ = {
			isa = XCBuildConfiguration;
			buildSettings = {
				ASSETCATALOG_COMPILER_APPICON_NAME = AppIcon;
				INFOPLIST_FILE = "PokèFlap/Info.plist";
				LD_RUNPATH_SEARCH_PATHS = "$(inherited) @executable_path/Frameworks";
				PRODUCT_BUNDLE_IDENTIFIER = "com.wookieapps.Poke-Flap";
				PRODUCT_NAME = "$(TARGET_NAME)";
			};
			name = Debug;
		};
		B5B3AAFA1C4E92C700CB753B /* Release */ = {
			isa = XCBuildConfiguration;
			buildSettings = {
				ASSETCATALOG_COMPILER_APPICON_NAME = AppIcon;
				INFOPLIST_FILE = "PokèFlap/Info.plist";
				LD_RUNPATH_SEARCH_PATHS = "$(inherited) @executable_path/Frameworks";
				PRODUCT_BUNDLE_IDENTIFIER = "com.wookieapps.Poke-Flap";
				PRODUCT_NAME = "$(TARGET_NAME)";
			};
			name = Release;
		};
/* End XCBuildConfiguration section */

/* Begin XCConfigurationList section */
		B5B3AADD1C4E92C600CB753B /* Build configuration list for PBXProject "PokèFlap" */ = {
			isa = XCConfigurationList;
			buildConfigurations = (
				B5B3AAF61C4E92C700CB753B /* Debug */,
				B5B3AAF71C4E92C700CB753B /* Release */,
			);
			defaultConfigurationIsVisible = 0;
			defaultConfigurationName = Release;
		};
		B5B3AAF81C4E92C700CB753B /* Build configuration list for PBXNativeTarget "PokèFlap" */ = {
			isa = XCConfigurationList;
			buildConfigurations = (
				B5B3AAF91C4E92C700CB753B /* Debug */,
				B5B3AAFA1C4E92C700CB753B /* Release */,
			);
			defaultConfigurationIsVisible = 0;
			defaultConfigurationName = Release;
		};
/* End XCConfigurationList section */
	};
	rootObject = B5B3AADA1C4E92C600CB753B /* Project object */;
}
